{
  "name": "7_JS逆向1",
  "lockfileVersion": 3,
  "requires": true,
  "packages": {
    "": {
      "dependencies": {
        "crypto-js": "^4.1.1",
        "md5-node": "^1.0.1"
      }
    },
    "node_modules/crypto-js": {
      "version": "4.1.1",
      "resolved": "https://registry.npmjs.org/crypto-js/-/crypto-js-4.1.1.tgz",
      "integrity": "sha512-o2JlM7ydqd3Qk9CA0L4NL6mTzU2sdx96a+oOfPu8Mkl/PK51vSyoi8/rQ8NknZtk44vq15lmhAj9CIAGwgeWKw=="
    },
    "node_modules/md5-node": {
      "version": "1.0.1",
      "resolved": "https://registry.npmjs.org/md5-node/-/md5-node-1.0.1.tgz",
      "integrity": "sha512-y9nI7Wfnq6fxTf5zaZO+XaCE2rP9cuvuxLj3E9a3aAKVxcKdEZIWjoc1uFXZb1jrbUMx+0hd/SIAad6DW9xuSA=="
    }
  }
}
